
Microsoft Visual Studio Solution File, Format Version 12.00
# Visual Studio Version 16
VisualStudioVersion = 16.0.29911.84
MinimumVisualStudioVersion = 10.0.40219.1
Project("{FAE04EC0-301F-11D3-BF4B-00C04F79EFBC}") = "CSVDataReader", "CSVDataReader\CSVDataReader.csproj", "{BC7C20BE-9EEE-4553-BC70-1F347DF9F443}"
EndProject
Global
	GlobalSection(SolutionConfigurationPlatforms) = preSolution
		Debug|Any CPU = Debug|Any CPU
		Release|Any CPU = Release|Any CPU
	EndGlobalSection
	GlobalSection(ProjectConfigurationPlatforms) = postSolution
		{BC7C20BE-9EEE-4553-BC70-1F347DF9F443}.Debug|Any CPU.ActiveCfg = Debug|Any CPU
		{BC7C20BE-9EEE-4553-BC70-1F347DF9F443}.Debug|Any CPU.Build.0 = Debug|Any CPU
		{BC7C20BE-9EEE-4553-BC70-1F347DF9F443}.Release|Any CPU.ActiveCfg = Release|Any CPU
		{BC7C20BE-9EEE-4553-BC70-1F347DF9F443}.Release|Any CPU.Build.0 = Release|Any CPU
	EndGlobalSection
	GlobalSection(SolutionProperties) = preSolution
		HideSolutionNode = FALSE
	EndGlobalSection
	GlobalSection(ExtensibilityGlobals) = postSolution
		SolutionGuid = {A128E499-BBA7-4241-8A23-0DBD06995F44}
	EndGlobalSection
EndGlobal
